# This file is automatically @generated by Poetry 1.8.0 and should not be changed by hand.

[[package]]
name = "decorator"
version = "5.3.1"
description = "Decorators for Humans"
optional = false
python-versions = ">=3.8"
files = [
    {file = "decorator-5.3.1-py3-none-any.whl", hash = "sha256:f47fe6fdbd2edd623ecfe36875d37aba411624e2670dd395dddae1358689bb3c"},
    {file = "decorator-5.3.1.tar.gz", hash = "sha256:4cbcdd55a6efadb9dbea26b858f4fb3264567b52d69ca0d25b721b553f60ea82"},
]

[[package]]
name = "self"
version = "2020.12.3"
description = "@self decorator makes method return self (jQuery-like chaining)"
optional = false
python-versions = "*"
files = [
    {file = "self-2020.12.3.tar.gz", hash = "sha256:a0c408138257e0ba6188f2a7ad80cb3f61c3e48c3f85d1f973a160f6f887dc53"},
]

[package.dependencies]
decorator = "*"

[metadata]
lock-version = "2.0"
python-versions = "^3.14"
content-hash = "83c8e58275b40562a3e05b6cbbbcdd4de9020acd3a07a882b21277ace10a7754"
